
Microsoft Visual Studio Solution File, Format Version 12.00
# Visual Studio Version 17
VisualStudioVersion = 17.10.35122.118
MinimumVisualStudioVersion = 10.0.40219.1
Project("{2150E333-8FDC-42A3-9474-1A3956D46DE8}") = "Solution Items", "Solution Items", "{A84212BC-0329-4F77-88B6-B622EAF00D70}"
	ProjectSection(SolutionItems) = preProject
		.editorconfig = .editorconfig
		.gitignore = .gitignore
		LICENSE = LICENSE
		README.md = README.md
	EndProjectSection
EndProject
Project("{2150E333-8FDC-42A3-9474-1A3956D46DE8}") = "src", "src", "{8C6041C2-7B3D-4C57-ABFC-D6EEDF549697}"
EndProject
Project("{9A19103F-16F7-4668-BE54-9A1E7A4F7556}") = "SleepTracker.Api", "src\SleepTracker.Api\SleepTracker.Api.csproj", "{82E1FB61-DF56-410B-B1E5-9A9B94769B93}"
EndProject
Project("{54A90642-561A-4BB1-A94E-469ADEE60C69}") = "SleepTracker.Web", "src\sleeptracker.web\SleepTracker.Web.esproj", "{F6CA8C6E-B314-4B73-91EC-15DC5D9D5381}"
EndProject
Global
	GlobalSection(SolutionConfigurationPlatforms) = preSolution
		Debug|Any CPU = Debug|Any CPU
		Release|Any CPU = Release|Any CPU
	EndGlobalSection
	GlobalSection(ProjectConfigurationPlatforms) = postSolution
		{82E1FB61-DF56-410B-B1E5-9A9B94769B93}.Debug|Any CPU.ActiveCfg = Debug|Any CPU
		{82E1FB61-DF56-410B-B1E5-9A9B94769B93}.Debug|Any CPU.Build.0 = Debug|Any CPU
		{82E1FB61-DF56-410B-B1E5-9A9B94769B93}.Release|Any CPU.ActiveCfg = Release|Any CPU
		{82E1FB61-DF56-410B-B1E5-9A9B94769B93}.Release|Any CPU.Build.0 = Release|Any CPU
		{F6CA8C6E-B314-4B73-91EC-15DC5D9D5381}.Debug|Any CPU.ActiveCfg = Debug|Any CPU
		{F6CA8C6E-B314-4B73-91EC-15DC5D9D5381}.Debug|Any CPU.Build.0 = Debug|Any CPU
		{F6CA8C6E-B314-4B73-91EC-15DC5D9D5381}.Debug|Any CPU.Deploy.0 = Debug|Any CPU
		{F6CA8C6E-B314-4B73-91EC-15DC5D9D5381}.Release|Any CPU.ActiveCfg = Release|Any CPU
		{F6CA8C6E-B314-4B73-91EC-15DC5D9D5381}.Release|Any CPU.Build.0 = Release|Any CPU
		{F6CA8C6E-B314-4B73-91EC-15DC5D9D5381}.Release|Any CPU.Deploy.0 = Release|Any CPU
	EndGlobalSection
	GlobalSection(SolutionProperties) = preSolution
		HideSolutionNode = FALSE
	EndGlobalSection
	GlobalSection(NestedProjects) = preSolution
		{82E1FB61-DF56-410B-B1E5-9A9B94769B93} = {8C6041C2-7B3D-4C57-ABFC-D6EEDF549697}
		{F6CA8C6E-B314-4B73-91EC-15DC5D9D5381} = {8C6041C2-7B3D-4C57-ABFC-D6EEDF549697}
	EndGlobalSection
	GlobalSection(ExtensibilityGlobals) = postSolution
		SolutionGuid = {C3328563-DDCB-4333-BF54-CFB63279AA8D}
	EndGlobalSection
EndGlobal
